
Microsoft Visual Studio Solution File, Format Version 12.00
# Visual Studio Version 17
VisualStudioVersion = 17.5.002.0
MinimumVisualStudioVersion = 10.0.40219.1
Project("{9A19103F-16F7-4668-BE54-9A1E7A4F7556}") = "Tournaments.Data", "Tournaments.Data\Tournaments.Data.csproj", "{59A4279E-B61F-4EE0-B3D8-0229D7B33A66}"
EndProject
Project("{9A19103F-16F7-4668-BE54-9A1E7A4F7556}") = "Tournaments.Core", "Tournaments.Core\Tournaments.Core.csproj", "{3D8E7CA1-3A39-4C57-B629-B45350312C72}"
EndProject
Project("{9A19103F-16F7-4668-BE54-9A1E7A4F7556}") = "Tournaments.API", "Tournaments.API\Tournaments.API.csproj", "{0786DD89-1FF0-45B7-9304-06026227FFC8}"
EndProject
Project("{FAE04EC0-301F-11D3-BF4B-00C04F79EFBC}") = "Tournaments.Test", "Tournaments.Test\Tournaments.Test.csproj", "{01DC721A-84D4-4926-9B1A-CB6FA9A5E2C8}"
EndProject
Global
	GlobalSection(SolutionConfigurationPlatforms) = preSolution
		Debug|Any CPU = Debug|Any CPU
		Release|Any CPU = Release|Any CPU
	EndGlobalSection
	GlobalSection(ProjectConfigurationPlatforms) = postSolution
		{59A4279E-B61F-4EE0-B3D8-0229D7B33A66}.Debug|Any CPU.ActiveCfg = Debug|Any CPU
		{59A4279E-B61F-4EE0-B3D8-0229D7B33A66}.Debug|Any CPU.Build.0 = Debug|Any CPU
		{59A4279E-B61F-4EE0-B3D8-0229D7B33A66}.Release|Any CPU.ActiveCfg = Release|Any CPU
		{59A4279E-B61F-4EE0-B3D8-0229D7B33A66}.Release|Any CPU.Build.0 = Release|Any CPU
		{3D8E7CA1-3A39-4C57-B629-B45350312C72}.Debug|Any CPU.ActiveCfg = Debug|Any CPU
		{3D8E7CA1-3A39-4C57-B629-B45350312C72}.Debug|Any CPU.Build.0 = Debug|Any CPU
		{3D8E7CA1-3A39-4C57-B629-B45350312C72}.Release|Any CPU.ActiveCfg = Release|Any CPU
		{3D8E7CA1-3A39-4C57-B629-B45350312C72}.Release|Any CPU.Build.0 = Release|Any CPU
		{0786DD89-1FF0-45B7-9304-06026227FFC8}.Debug|Any CPU.ActiveCfg = Debug|Any CPU
		{0786DD89-1FF0-45B7-9304-06026227FFC8}.Debug|Any CPU.Build.0 = Debug|Any CPU
		{0786DD89-1FF0-45B7-9304-06026227FFC8}.Release|Any CPU.ActiveCfg = Release|Any CPU
		{0786DD89-1FF0-45B7-9304-06026227FFC8}.Release|Any CPU.Build.0 = Release|Any CPU
		{01DC721A-84D4-4926-9B1A-CB6FA9A5E2C8}.Debug|Any CPU.ActiveCfg = Debug|Any CPU
		{01DC721A-84D4-4926-9B1A-CB6FA9A5E2C8}.Debug|Any CPU.Build.0 = Debug|Any CPU
		{01DC721A-84D4-4926-9B1A-CB6FA9A5E2C8}.Release|Any CPU.ActiveCfg = Release|Any CPU
		{01DC721A-84D4-4926-9B1A-CB6FA9A5E2C8}.Release|Any CPU.Build.0 = Release|Any CPU
	EndGlobalSection
	GlobalSection(SolutionProperties) = preSolution
		HideSolutionNode = FALSE
	EndGlobalSection
	GlobalSection(ExtensibilityGlobals) = postSolution
		SolutionGuid = {E82B67BA-92C2-42E5-BD27-60116C2746EC}
	EndGlobalSection
EndGlobal
